
Microsoft Visual Studio Solution File, Format Version 12.00
# Visual Studio Version 17
VisualStudioVersion = 17.8.34322.80
MinimumVisualStudioVersion = 10.0.40219.1
Project("{9A19103F-16F7-4668-BE54-9A1E7A4F7556}") = "fork-project", "fork-project.csproj", "{B3EB980B-2D2D-4976-BD5A-DA966D463F9B}"
EndProject
Project("{FAE04EC0-301F-11D3-BF4B-00C04F79EFBC}") = "TestProject1", "..\TestProject1\TestProject1.csproj", "{E03C019E-0367-4D0B-B1C0-C75308814905}"
EndProject
Global
	GlobalSection(SolutionConfigurationPlatforms) = preSolution
		Debug|Any CPU = Debug|Any CPU
		Release|Any CPU = Release|Any CPU
	EndGlobalSection
	GlobalSection(ProjectConfigurationPlatforms) = postSolution
		{B3EB980B-2D2D-4976-BD5A-DA966D463F9B}.Debug|Any CPU.ActiveCfg = Debug|Any CPU
		{B3EB980B-2D2D-4976-BD5A-DA966D463F9B}.Debug|Any CPU.Build.0 = Debug|Any CPU
		{B3EB980B-2D2D-4976-BD5A-DA966D463F9B}.Release|Any CPU.ActiveCfg = Release|Any CPU
		{B3EB980B-2D2D-4976-BD5A-DA966D463F9B}.Release|Any CPU.Build.0 = Release|Any CPU
		{E03C019E-0367-4D0B-B1C0-C75308814905}.Debug|Any CPU.ActiveCfg = Debug|Any CPU
		{E03C019E-0367-4D0B-B1C0-C75308814905}.Debug|Any CPU.Build.0 = Debug|Any CPU
		{E03C019E-0367-4D0B-B1C0-C75308814905}.Release|Any CPU.ActiveCfg = Release|Any CPU
		{E03C019E-0367-4D0B-B1C0-C75308814905}.Release|Any CPU.Build.0 = Release|Any CPU
	EndGlobalSection
	GlobalSection(SolutionProperties) = preSolution
		HideSolutionNode = FALSE
	EndGlobalSection
	GlobalSection(ExtensibilityGlobals) = postSolution
		SolutionGuid = {B438D83F-D677-4306-937C-2C8040185AE1}
	EndGlobalSection
EndGlobal
